
Microsoft Visual Studio Solution File, Format Version 12.00
# Visual Studio Version 17
VisualStudioVersion = 17.5.002.0
MinimumVisualStudioVersion = 10.0.40219.1
Project("{9A19103F-16F7-4668-BE54-9A1E7A4F7556}") = "To100Test", "To100Test.csproj", "{2B8AE8A6-171F-4FCD-87B6-948ACCE31AAD}"
EndProject
Global
	GlobalSection(SolutionConfigurationPlatforms) = preSolution
		Debug|Any CPU = Debug|Any CPU
		Release|Any CPU = Release|Any CPU
	EndGlobalSection
	GlobalSection(ProjectConfigurationPlatforms) = postSolution
		{2B8AE8A6-171F-4FCD-87B6-948ACCE31AAD}.Debug|Any CPU.ActiveCfg = Debug|Any CPU
		{2B8AE8A6-171F-4FCD-87B6-948ACCE31AAD}.Debug|Any CPU.Build.0 = Debug|Any CPU
		{2B8AE8A6-171F-4FCD-87B6-948ACCE31AAD}.Release|Any CPU.ActiveCfg = Release|Any CPU
		{2B8AE8A6-171F-4FCD-87B6-948ACCE31AAD}.Release|Any CPU.Build.0 = Release|Any CPU
	EndGlobalSection
	GlobalSection(SolutionProperties) = preSolution
		HideSolutionNode = FALSE
	EndGlobalSection
	GlobalSection(ExtensibilityGlobals) = postSolution
		SolutionGuid = {438BF6D1-8728-468C-ABC3-E4B6D05ADF54}
	EndGlobalSection
EndGlobal
