
Microsoft Visual Studio Solution File, Format Version 12.00
# Visual Studio Version 17
VisualStudioVersion = 17.5.002.0
MinimumVisualStudioVersion = 10.0.40219.1
Project("{9A19103F-16F7-4668-BE54-9A1E7A4F7556}") = "Day7", "Day7.csproj", "{41B0D033-5B66-471D-BD26-BBA4D0C73F31}"
EndProject
Global
	GlobalSection(SolutionConfigurationPlatforms) = preSolution
		Debug|Any CPU = Debug|Any CPU
		Release|Any CPU = Release|Any CPU
	EndGlobalSection
	GlobalSection(ProjectConfigurationPlatforms) = postSolution
		{41B0D033-5B66-471D-BD26-BBA4D0C73F31}.Debug|Any CPU.ActiveCfg = Debug|Any CPU
		{41B0D033-5B66-471D-BD26-BBA4D0C73F31}.Debug|Any CPU.Build.0 = Debug|Any CPU
		{41B0D033-5B66-471D-BD26-BBA4D0C73F31}.Release|Any CPU.ActiveCfg = Release|Any CPU
		{41B0D033-5B66-471D-BD26-BBA4D0C73F31}.Release|Any CPU.Build.0 = Release|Any CPU
	EndGlobalSection
	GlobalSection(SolutionProperties) = preSolution
		HideSolutionNode = FALSE
	EndGlobalSection
	GlobalSection(ExtensibilityGlobals) = postSolution
		SolutionGuid = {9DEBD9EA-5792-4843-85D5-96E8BFB2B7C8}
	EndGlobalSection
EndGlobal
