
Microsoft Visual Studio Solution File, Format Version 12.00
# Visual Studio Version 17
VisualStudioVersion = 17.5.002.0
MinimumVisualStudioVersion = 10.0.40219.1
Project("{9A19103F-16F7-4668-BE54-9A1E7A4F7556}") = "Day11", "Day11.csproj", "{5A2052C0-5ABF-4027-BD70-0FEC8421F4F6}"
EndProject
Global
	GlobalSection(SolutionConfigurationPlatforms) = preSolution
		Debug|Any CPU = Debug|Any CPU
		Release|Any CPU = Release|Any CPU
	EndGlobalSection
	GlobalSection(ProjectConfigurationPlatforms) = postSolution
		{5A2052C0-5ABF-4027-BD70-0FEC8421F4F6}.Debug|Any CPU.ActiveCfg = Debug|Any CPU
		{5A2052C0-5ABF-4027-BD70-0FEC8421F4F6}.Debug|Any CPU.Build.0 = Debug|Any CPU
		{5A2052C0-5ABF-4027-BD70-0FEC8421F4F6}.Release|Any CPU.ActiveCfg = Release|Any CPU
		{5A2052C0-5ABF-4027-BD70-0FEC8421F4F6}.Release|Any CPU.Build.0 = Release|Any CPU
	EndGlobalSection
	GlobalSection(SolutionProperties) = preSolution
		HideSolutionNode = FALSE
	EndGlobalSection
	GlobalSection(ExtensibilityGlobals) = postSolution
		SolutionGuid = {5EBF02C6-75A4-41AB-8905-368E4E18F949}
	EndGlobalSection
EndGlobal
